
Microsoft Visual Studio Solution File, Format Version 12.00
# Visual Studio Version 16
VisualStudioVersion = 16.0.31911.196
MinimumVisualStudioVersion = 10.0.40219.1
Project("{FAE04EC0-301F-11D3-BF4B-00C04F79EFBC}") = "ApiCatalogoJogs", "ApiCatalogoJogs\ApiCatalogoJogs.csproj", "{72563BE0-C996-4330-B00B-547C5A113629}"
EndProject
Global
	GlobalSection(SolutionConfigurationPlatforms) = preSolution
		Debug|Any CPU = Debug|Any CPU
		Release|Any CPU = Release|Any CPU
	EndGlobalSection
	GlobalSection(ProjectConfigurationPlatforms) = postSolution
		{72563BE0-C996-4330-B00B-547C5A113629}.Debug|Any CPU.ActiveCfg = Debug|Any CPU
		{72563BE0-C996-4330-B00B-547C5A113629}.Debug|Any CPU.Build.0 = Debug|Any CPU
		{72563BE0-C996-4330-B00B-547C5A113629}.Release|Any CPU.ActiveCfg = Release|Any CPU
		{72563BE0-C996-4330-B00B-547C5A113629}.Release|Any CPU.Build.0 = Release|Any CPU
	EndGlobalSection
	GlobalSection(SolutionProperties) = preSolution
		HideSolutionNode = FALSE
	EndGlobalSection
	GlobalSection(ExtensibilityGlobals) = postSolution
		SolutionGuid = {B82B18C5-FD4A-40CB-ABEE-F0B7CAE71CF9}
	EndGlobalSection
EndGlobal
